// !$*UTF8*$!
{
	archiveVersion = 1;
	classes = {
	};
	objectVersion = 56;
	objects = {

/* Begin PBXBuildFile section */
		3A05E2C82A3C712D007B9D64 /* AppDelegate.swift in Sources */ = {isa = PBXBuildFile; fileRef = 3A05E2C72A3C712D007B9D64 /* AppDelegate.swift */; };
		3A05E2CA2A3C712D007B9D64 /* SceneDelegate.swift in Sources */ = {isa = PBXBuildFile; fileRef = 3A05E2C92A3C712D007B9D64 /* SceneDelegate.swift */; };
		3A05E2D12A3C712D007B9D64 /* Assets.xcassets in Resources */ = {isa = PBXBuildFile; fileRef = 3A05E2D02A3C712D007B9D64 /* Assets.xcassets */; };
		3A05E2D42A3C712D007B9D64 /* LaunchScreen.storyboard in Resources */ = {isa = PBXBuildFile; fileRef = 3A05E2D22A3C712D007B9D64 /* LaunchScreen.storyboard */; };
		3A05E2E82A3C7D46007B9D64 /* CMThemeManager.swift in Sources */ = {isa = PBXBuildFile; fileRef = 3A05E2E72A3C7D46007B9D64 /* CMThemeManager.swift */; };
		3A05E2EA2A3C820C007B9D64 /* CMNotifications.swift in Sources */ = {isa = PBXBuildFile; fileRef = 3A05E2E92A3C820C007B9D64 /* CMNotifications.swift */; };
		3A05E2EC2A3C84F3007B9D64 /* CMBaseViewController.swift in Sources */ = {isa = PBXBuildFile; fileRef = 3A05E2EB2A3C84F3007B9D64 /* CMBaseViewController.swift */; };
		3A05E2EE2A3C8B7C007B9D64 /* CMScanViewController.swift in Sources */ = {isa = PBXBuildFile; fileRef = 3A05E2ED2A3C8B7C007B9D64 /* CMScanViewController.swift */; };
		3A05E2F02A3C8BE3007B9D64 /* CMColorsViewController.swift in Sources */ = {isa = PBXBuildFile; fileRef = 3A05E2EF2A3C8BE3007B9D64 /* CMColorsViewController.swift */; };
		3A05E2F22A3C8C1C007B9D64 /* CMColorConvertViewController.swift in Sources */ = {isa = PBXBuildFile; fileRef = 3A05E2F12A3C8C1C007B9D64 /* CMColorConvertViewController.swift */; };
		3A05E2F42A3CA132007B9D64 /* TabBarController.swift in Sources */ = {isa = PBXBuildFile; fileRef = 3A05E2F32A3CA132007B9D64 /* TabBarController.swift */; };
		3A0C44AF2A41E3D600FE97C8 /* APIManager.swift in Sources */ = {isa = PBXBuildFile; fileRef = 3A0C44AE2A41E3D600FE97C8 /* APIManager.swift */; };
		3A0C44B12A41E49400FE97C8 /* CMColorRequest.swift in Sources */ = {isa = PBXBuildFile; fileRef = 3A0C44B02A41E49400FE97C8 /* CMColorRequest.swift */; };
		3A0C44B32A41EBE600FE97C8 /* CMColorResponse.swift in Sources */ = {isa = PBXBuildFile; fileRef = 3A0C44B22A41EBE600FE97C8 /* CMColorResponse.swift */; };
		3A1C11A42A3DE9BE0001C69B /* Extensions.swift in Sources */ = {isa = PBXBuildFile; fileRef = 3A1C11A32A3DE9BE0001C69B /* Extensions.swift */; };
		3A1C11A62A3DF7050001C69B /* CMColorDetailViewController.swift in Sources */ = {isa = PBXBuildFile; fileRef = 3A1C11A52A3DF7050001C69B /* CMColorDetailViewController.swift */; };
/* End PBXBuildFile section */

/* Begin PBXFileReference section */
		3A05E2C42A3C712D007B9D64 /* ColorMate.app */ = {isa = PBXFileReference; explicitFileType = wrapper.application; includeInIndex = 0; path = ColorMate.app; sourceTree = BUILT_PRODUCTS_DIR; };
		3A05E2C72A3C712D007B9D64 /* AppDelegate.swift */ = {isa = PBXFileReference; lastKnownFileType = sourcecode.swift; path = AppDelegate.swift; sourceTree = "<group>"; };
		3A05E2C92A3C712D007B9D64 /* SceneDelegate.swift */ = {isa = PBXFileReference; lastKnownFileType = sourcecode.swift; path = SceneDelegate.swift; sourceTree = "<group>"; };
		3A05E2D02A3C712D007B9D64 /* Assets.xcassets */ = {isa = PBXFileReference; lastKnownFileType = folder.assetcatalog; path = Assets.xcassets; sourceTree = "<group>"; };
		3A05E2D32A3C712D007B9D64 /* Base */ = {isa = PBXFileReference; lastKnownFileType = file.storyboard; name = Base; path = Base.lproj/LaunchScreen.storyboard; sourceTree = "<group>"; };
		3A05E2D52A3C712D007B9D64 /* Info.plist */ = {isa = PBXFileReference; lastKnownFileType = text.plist.xml; path = Info.plist; sourceTree = "<group>"; };
		3A05E2E72A3C7D46007B9D64 /* CMThemeManager.swift */ = {isa = PBXFileReference; lastKnownFileType = sourcecode.swift; path = CMThemeManager.swift; sourceTree = "<group>"; };
		3A05E2E92A3C820C007B9D64 /* CMNotifications.swift */ = {isa = PBXFileReference; lastKnownFileType = sourcecode.swift; path = CMNotifications.swift; sourceTree = "<group>"; };
		3A05E2EB2A3C84F3007B9D64 /* CMBaseViewController.swift */ = {isa = PBXFileReference; lastKnownFileType = sourcecode.swift; path = CMBaseViewController.swift; sourceTree = "<group>"; };
		3A05E2ED2A3C8B7C007B9D64 /* CMScanViewController.swift */ = {isa = PBXFileReference; lastKnownFileType = sourcecode.swift; path = CMScanViewController.swift; sourceTree = "<group>"; };
		3A05E2EF2A3C8BE3007B9D64 /* CMColorsViewController.swift */ = {isa = PBXFileReference; lastKnownFileType = sourcecode.swift; path = CMColorsViewController.swift; sourceTree = "<group>"; };
		3A05E2F12A3C8C1C007B9D64 /* CMColorConvertViewController.swift */ = {isa = PBXFileReference; lastKnownFileType = sourcecode.swift; path = CMColorConvertViewController.swift; sourceTree = "<group>"; };
		3A05E2F32A3CA132007B9D64 /* TabBarController.swift */ = {isa = PBXFileReference; lastKnownFileType = sourcecode.swift; path = TabBarController.swift; sourceTree = "<group>"; };
		3A0C44AE2A41E3D600FE97C8 /* APIManager.swift */ = {isa = PBXFileReference; lastKnownFileType = sourcecode.swift; path = APIManager.swift; sourceTree = "<group>"; };
		3A0C44B02A41E49400FE97C8 /* CMColorRequest.swift */ = {isa = PBXFileReference; lastKnownFileType = sourcecode.swift; path = CMColorRequest.swift; sourceTree = "<group>"; };
		3A0C44B22A41EBE600FE97C8 /* CMColorResponse.swift */ = {isa = PBXFileReference; lastKnownFileType = sourcecode.swift; path = CMColorResponse.swift; sourceTree = "<group>"; };
		3A1C11A32A3DE9BE0001C69B /* Extensions.swift */ = {isa = PBXFileReference; lastKnownFileType = sourcecode.swift; path = Extensions.swift; sourceTree = "<group>"; };
		3A1C11A52A3DF7050001C69B /* CMColorDetailViewController.swift */ = {isa = PBXFileReference; lastKnownFileType = sourcecode.swift; path = CMColorDetailViewController.swift; sourceTree = "<group>"; };
/* End PBXFileReference section */

/* Begin PBXFrameworksBuildPhase section */
		3A05E2C12A3C712D007B9D64 /* Frameworks */ = {
			isa = PBXFrameworksBuildPhase;
			buildActionMask = 2147483647;
			files = (
			);
			runOnlyForDeploymentPostprocessing = 0;
		};
/* End PBXFrameworksBuildPhase section */

/* Begin PBXGroup section */
		3A05E2BB2A3C712D007B9D64 = {
			isa = PBXGroup;
			children = (
				3A05E2C62A3C712D007B9D64 /* ColorMate */,
				3A05E2C52A3C712D007B9D64 /* Products */,
			);
			sourceTree = "<group>";
		};
		3A05E2C52A3C712D007B9D64 /* Products */ = {
			isa = PBXGroup;
			children = (
				3A05E2C42A3C712D007B9D64 /* ColorMate.app */,
			);
			name = Products;
			sourceTree = "<group>";
		};
		3A05E2C62A3C712D007B9D64 /* ColorMate */ = {
			isa = PBXGroup;
			children = (
				3A0C44AD2A41E3C900FE97C8 /* Services */,
				3A05E2E42A3C7930007B9D64 /* Models */,
				3A05E2E32A3C7929007B9D64 /* Resources */,
				3A1C11A22A3DE9A90001C69B /* Extensions */,
				3A05E2E22A3C7921007B9D64 /* ViewModels */,
				3A05E2E12A3C791C007B9D64 /* Views */,
				3A05E2E02A3C7917007B9D64 /* Controllers */,
				3A05E2DF2A3C790F007B9D64 /* App Files */,
				3A05E2DD2A3C7904007B9D64 /* Helpers */,
				3A05E2D52A3C712D007B9D64 /* Info.plist */,
			);
			path = ColorMate;
			sourceTree = "<group>";
		};
		3A05E2DD2A3C7904007B9D64 /* Helpers */ = {
			isa = PBXGroup;
			children = (
				3A05E2E72A3C7D46007B9D64 /* CMThemeManager.swift */,
				3A05E2E92A3C820C007B9D64 /* CMNotifications.swift */,
				3A05E2F32A3CA132007B9D64 /* TabBarController.swift */,
			);
			path = Helpers;
			sourceTree = "<group>";
		};
		3A05E2DF2A3C790F007B9D64 /* App Files */ = {
			isa = PBXGroup;
			children = (
				3A05E2C72A3C712D007B9D64 /* AppDelegate.swift */,
				3A05E2C92A3C712D007B9D64 /* SceneDelegate.swift */,
			);
			path = "App Files";
			sourceTree = "<group>";
		};
		3A05E2E02A3C7917007B9D64 /* Controllers */ = {
			isa = PBXGroup;
			children = (
				3A05E2EB2A3C84F3007B9D64 /* CMBaseViewController.swift */,
				3A05E2ED2A3C8B7C007B9D64 /* CMScanViewController.swift */,
				3A05E2EF2A3C8BE3007B9D64 /* CMColorsViewController.swift */,
				3A05E2F12A3C8C1C007B9D64 /* CMColorConvertViewController.swift */,
				3A1C11A52A3DF7050001C69B /* CMColorDetailViewController.swift */,
			);
			path = Controllers;
			sourceTree = "<group>";
		};
		3A05E2E12A3C791C007B9D64 /* Views */ = {
			isa = PBXGroup;
			children = (
			);
			path = Views;
			sourceTree = "<group>";
		};
		3A05E2E22A3C7921007B9D64 /* ViewModels */ = {
			isa = PBXGroup;
			children = (
			);
			path = ViewModels;
			sourceTree = "<group>";
		};
		3A05E2E32A3C7929007B9D64 /* Resources */ = {
			isa = PBXGroup;
			children = (
				3A05E2D02A3C712D007B9D64 /* Assets.xcassets */,
				3A05E2D22A3C712D007B9D64 /* LaunchScreen.storyboard */,
			);
			path = Resources;
			sourceTree = "<group>";
		};
		3A05E2E42A3C7930007B9D64 /* Models */ = {
			isa = PBXGroup;
			children = (
				3A0C44B02A41E49400FE97C8 /* CMColorRequest.swift */,
				3A0C44B22A41EBE600FE97C8 /* CMColorResponse.swift */,
			);
			path = Models;
			sourceTree = "<group>";
		};
		3A0C44AD2A41E3C900FE97C8 /* Services */ = {
			isa = PBXGroup;
			children = (
				3A0C44AE2A41E3D600FE97C8 /* APIManager.swift */,
			);
			path = Services;
			sourceTree = "<group>";
		};
		3A1C11A22A3DE9A90001C69B /* Extensions */ = {
			isa = PBXGroup;
			children = (
				3A1C11A32A3DE9BE0001C69B /* Extensions.swift */,
			);
			path = Extensions;
			sourceTree = "<group>";
		};
/* End PBXGroup section */

/* Begin PBXNativeTarget section */
		3A05E2C32A3C712D007B9D64 /* ColorMate */ = {
			isa = PBXNativeTarget;
			buildConfigurationList = 3A05E2D82A3C712D007B9D64 /* Build configuration list for PBXNativeTarget "ColorMate" */;
			buildPhases = (
				3A05E2C02A3C712D007B9D64 /* Sources */,
				3A05E2C12A3C712D007B9D64 /* Frameworks */,
				3A05E2C22A3C712D007B9D64 /* Resources */,
			);
			buildRules = (
			);
			dependencies = (
			);
			name = ColorMate;
			productName = ColorMate;
			productReference = 3A05E2C42A3C712D007B9D64 /* ColorMate.app */;
			productType = "com.apple.product-type.application";
		};
/* End PBXNativeTarget section */

/* Begin PBXProject section */
		3A05E2BC2A3C712D007B9D64 /* Project object */ = {
			isa = PBXProject;
			attributes = {
				BuildIndependentTargetsInParallel = 1;
				LastSwiftUpdateCheck = 1420;
				LastUpgradeCheck = 1420;
				TargetAttributes = {
					3A05E2C32A3C712D007B9D64 = {
						CreatedOnToolsVersion = 14.2;
					};
				};
			};
			buildConfigurationList = 3A05E2BF2A3C712D007B9D64 /* Build configuration list for PBXProject "ColorMate" */;
			compatibilityVersion = "Xcode 14.0";
			developmentRegion = en;
			hasScannedForEncodings = 0;
			knownRegions = (
				en,
				Base,
			);
			mainGroup = 3A05E2BB2A3C712D007B9D64;
			productRefGroup = 3A05E2C52A3C712D007B9D64 /* Products */;
			projectDirPath = "";
			projectRoot = "";
			targets = (
				3A05E2C32A3C712D007B9D64 /* ColorMate */,
			);
		};
/* End PBXProject section */

/* Begin PBXResourcesBuildPhase section */
		3A05E2C22A3C712D007B9D64 /* Resources */ = {
			isa = PBXResourcesBuildPhase;
			buildActionMask = 2147483647;
			files = (
				3A05E2D42A3C712D007B9D64 /* LaunchScreen.storyboard in Resources */,
				3A05E2D12A3C712D007B9D64 /* Assets.xcassets in Resources */,
			);
			runOnlyForDeploymentPostprocessing = 0;
		};
/* End PBXResourcesBuildPhase section */

/* Begin PBXSourcesBuildPhase section */
		3A05E2C02A3C712D007B9D64 /* Sources */ = {
			isa = PBXSourcesBuildPhase;
			buildActionMask = 2147483647;
			files = (
				3A0C44AF2A41E3D600FE97C8 /* APIManager.swift in Sources */,
				3A05E2F02A3C8BE3007B9D64 /* CMColorsViewController.swift in Sources */,
				3A05E2C82A3C712D007B9D64 /* AppDelegate.swift in Sources */,
				3A05E2F22A3C8C1C007B9D64 /* CMColorConvertViewController.swift in Sources */,
				3A05E2F42A3CA132007B9D64 /* TabBarController.swift in Sources */,
				3A05E2EE2A3C8B7C007B9D64 /* CMScanViewController.swift in Sources */,
				3A1C11A42A3DE9BE0001C69B /* Extensions.swift in Sources */,
				3A05E2CA2A3C712D007B9D64 /* SceneDelegate.swift in Sources */,
				3A0C44B12A41E49400FE97C8 /* CMColorRequest.swift in Sources */,
				3A1C11A62A3DF7050001C69B /* CMColorDetailViewController.swift in Sources */,
				3A0C44B32A41EBE600FE97C8 /* CMColorResponse.swift in Sources */,
				3A05E2EA2A3C820C007B9D64 /* CMNotifications.swift in Sources */,
				3A05E2EC2A3C84F3007B9D64 /* CMBaseViewController.swift in Sources */,
				3A05E2E82A3C7D46007B9D64 /* CMThemeManager.swift in Sources */,
			);
			runOnlyForDeploymentPostprocessing = 0;
		};
/* End PBXSourcesBuildPhase section */

/* Begin PBXVariantGroup section */
		3A05E2D22A3C712D007B9D64 /* LaunchScreen.storyboard */ = {
			isa = PBXVariantGroup;
			children = (
				3A05E2D32A3C712D007B9D64 /* Base */,
			);
			name = LaunchScreen.storyboard;
			sourceTree = "<group>";
		};
/* End PBXVariantGroup section */

/* Begin XCBuildConfiguration section */
		3A05E2D62A3C712D007B9D64 /* Debug */ = {
			isa = XCBuildConfiguration;
			buildSettings = {
				ALWAYS_SEARCH_USER_PATHS = NO;
				CLANG_ANALYZER_NONNULL = YES;
				CLANG_ANALYZER_NUMBER_OBJECT_CONVERSION = YES_AGGRESSIVE;
				CLANG_CXX_LANGUAGE_STANDARD = "gnu++20";
				CLANG_ENABLE_MODULES = YES;
				CLANG_ENABLE_OBJC_ARC = YES;
				CLANG_ENABLE_OBJC_WEAK = YES;
				CLANG_WARN_BLOCK_CAPTURE_AUTORELEASING = YES;
				CLANG_WARN_BOOL_CONVERSION = YES;
				CLANG_WARN_COMMA = YES;
				CLANG_WARN_CONSTANT_CONVERSION = YES;
				CLANG_WARN_DEPRECATED_OBJC_IMPLEMENTATIONS = YES;
				CLANG_WARN_DIRECT_OBJC_ISA_USAGE = YES_ERROR;
				CLANG_WARN_DOCUMENTATION_COMMENTS = YES;
				CLANG_WARN_EMPTY_BODY = YES;
				CLANG_WARN_ENUM_CONVERSION = YES;
				CLANG_WARN_INFINITE_RECURSION = YES;
				CLANG_WARN_INT_CONVERSION = YES;
				CLANG_WARN_NON_LITERAL_NULL_CONVERSION = YES;
				CLANG_WARN_OBJC_IMPLICIT_RETAIN_SELF = YES;
				CLANG_WARN_OBJC_LITERAL_CONVERSION = YES;
				CLANG_WARN_OBJC_ROOT_CLASS = YES_ERROR;
				CLANG_WARN_QUOTED_INCLUDE_IN_FRAMEWORK_HEADER = YES;
				CLANG_WARN_RANGE_LOOP_ANALYSIS = YES;
				CLANG_WARN_STRICT_PROTOTYPES = YES;
				CLANG_WARN_SUSPICIOUS_MOVE = YES;
				CLANG_WARN_UNGUARDED_AVAILABILITY = YES_AGGRESSIVE;
				CLANG_WARN_UNREACHABLE_CODE = YES;
				CLANG_WARN__DUPLICATE_METHOD_MATCH = YES;
				COPY_PHASE_STRIP = NO;
				DEBUG_INFORMATION_FORMAT = dwarf;
				ENABLE_STRICT_OBJC_MSGSEND = YES;
				ENABLE_TESTABILITY = YES;
				GCC_C_LANGUAGE_STANDARD = gnu11;
				GCC_DYNAMIC_NO_PIC = NO;
				GCC_NO_COMMON_BLOCKS = YES;
				GCC_OPTIMIZATION_LEVEL = 0;
				GCC_PREPROCESSOR_DEFINITIONS = (
					"DEBUG=1",
					"$(inherited)",
				);
				GCC_WARN_64_TO_32_BIT_CONVERSION = YES;
				GCC_WARN_ABOUT_RETURN_TYPE = YES_ERROR;
				GCC_WARN_UNDECLARED_SELECTOR = YES;
				GCC_WARN_UNINITIALIZED_AUTOS = YES_AGGRESSIVE;
				GCC_WARN_UNUSED_FUNCTION = YES;
				GCC_WARN_UNUSED_VARIABLE = YES;
				IPHONEOS_DEPLOYMENT_TARGET = 16.2;
				MTL_ENABLE_DEBUG_INFO = INCLUDE_SOURCE;
				MTL_FAST_MATH = YES;
				ONLY_ACTIVE_ARCH = YES;
				SDKROOT = iphoneos;
				SWIFT_ACTIVE_COMPILATION_CONDITIONS = DEBUG;
				SWIFT_OPTIMIZATION_LEVEL = "-Onone";
			};
			name = Debug;
		};
		3A05E2D72A3C712D007B9D64 /* Release */ = {
			isa = XCBuildConfiguration;
			buildSettings = {
				ALWAYS_SEARCH_USER_PATHS = NO;
				CLANG_ANALYZER_NONNULL = YES;
				CLANG_ANALYZER_NUMBER_OBJECT_CONVERSION = YES_AGGRESSIVE;
				CLANG_CXX_LANGUAGE_STANDARD = "gnu++20";
				CLANG_ENABLE_MODULES = YES;
				CLANG_ENABLE_OBJC_ARC = YES;
				CLANG_ENABLE_OBJC_WEAK = YES;
				CLANG_WARN_BLOCK_CAPTURE_AUTORELEASING = YES;
				CLANG_WARN_BOOL_CONVERSION = YES;
				CLANG_WARN_COMMA = YES;
				CLANG_WARN_CONSTANT_CONVERSION = YES;
				CLANG_WARN_DEPRECATED_OBJC_IMPLEMENTATIONS = YES;
				CLANG_WARN_DIRECT_OBJC_ISA_USAGE = YES_ERROR;
				CLANG_WARN_DOCUMENTATION_COMMENTS = YES;
				CLANG_WARN_EMPTY_BODY = YES;
				CLANG_WARN_ENUM_CONVERSION = YES;
				CLANG_WARN_INFINITE_RECURSION = YES;
				CLANG_WARN_INT_CONVERSION = YES;
				CLANG_WARN_NON_LITERAL_NULL_CONVERSION = YES;
				CLANG_WARN_OBJC_IMPLICIT_RETAIN_SELF = YES;
				CLANG_WARN_OBJC_LITERAL_CONVERSION = YES;
				CLANG_WARN_OBJC_ROOT_CLASS = YES_ERROR;
				CLANG_WARN_QUOTED_INCLUDE_IN_FRAMEWORK_HEADER = YES;
				CLANG_WARN_RANGE_LOOP_ANALYSIS = YES;
				CLANG_WARN_STRICT_PROTOTYPES = YES;
				CLANG_WARN_SUSPICIOUS_MOVE = YES;
				CLANG_WARN_UNGUARDED_AVAILABILITY = YES_AGGRESSIVE;
				CLANG_WARN_UNREACHABLE_CODE = YES;
				CLANG_WARN__DUPLICATE_METHOD_MATCH = YES;
				COPY_PHASE_STRIP = NO;
				DEBUG_INFORMATION_FORMAT = "dwarf-with-dsym";
				ENABLE_NS_ASSERTIONS = NO;
				ENABLE_STRICT_OBJC_MSGSEND = YES;
				GCC_C_LANGUAGE_STANDARD = gnu11;
				GCC_NO_COMMON_BLOCKS = YES;
				GCC_WARN_64_TO_32_BIT_CONVERSION = YES;
				GCC_WARN_ABOUT_RETURN_TYPE = YES_ERROR;
				GCC_WARN_UNDECLARED_SELECTOR = YES;
				GCC_WARN_UNINITIALIZED_AUTOS = YES_AGGRESSIVE;
				GCC_WARN_UNUSED_FUNCTION = YES;
				GCC_WARN_UNUSED_VARIABLE = YES;
				IPHONEOS_DEPLOYMENT_TARGET = 16.2;
				MTL_ENABLE_DEBUG_INFO = NO;
				MTL_FAST_MATH = YES;
				SDKROOT = iphoneos;
				SWIFT_COMPILATION_MODE = wholemodule;
				SWIFT_OPTIMIZATION_LEVEL = "-O";
				VALIDATE_PRODUCT = YES;
			};
			name = Release;
		};
		3A05E2D92A3C712D007B9D64 /* Debug */ = {
			isa = XCBuildConfiguration;
			buildSettings = {
				ASSETCATALOG_COMPILER_APPICON_NAME = AppIcon;
				ASSETCATALOG_COMPILER_GLOBAL_ACCENT_COLOR_NAME = AccentColor;
				CODE_SIGN_STYLE = Automatic;
				CURRENT_PROJECT_VERSION = 1;
				DEVELOPMENT_TEAM = 938JD88GS4;
				GENERATE_INFOPLIST_FILE = YES;
				INFOPLIST_FILE = ColorMate/Info.plist;
				INFOPLIST_KEY_UIApplicationSupportsIndirectInputEvents = YES;
				INFOPLIST_KEY_UILaunchStoryboardName = LaunchScreen;
				INFOPLIST_KEY_UISupportedInterfaceOrientations_iPad = "UIInterfaceOrientationPortrait UIInterfaceOrientationPortraitUpsideDown UIInterfaceOrientationLandscapeLeft UIInterfaceOrientationLandscapeRight";
				INFOPLIST_KEY_UISupportedInterfaceOrientations_iPhone = "UIInterfaceOrientationPortrait UIInterfaceOrientationLandscapeLeft UIInterfaceOrientationLandscapeRight";
				LD_RUNPATH_SEARCH_PATHS = (
					"$(inherited)",
					"@executable_path/Frameworks",
				);
				MARKETING_VERSION = 1.0;
				PRODUCT_BUNDLE_IDENTIFIER = com.ayush.ColorMate;
				PRODUCT_NAME = "$(TARGET_NAME)";
				SWIFT_EMIT_LOC_STRINGS = YES;
				SWIFT_VERSION = 5.0;
				TARGETED_DEVICE_FAMILY = "1,2";
			};
			name = Debug;
		};
		3A05E2DA2A3C712D007B9D64 /* Release */ = {
			isa = XCBuildConfiguration;
			buildSettings = {
				ASSETCATALOG_COMPILER_APPICON_NAME = AppIcon;
				ASSETCATALOG_COMPILER_GLOBAL_ACCENT_COLOR_NAME = AccentColor;
				CODE_SIGN_STYLE = Automatic;
				CURRENT_PROJECT_VERSION = 1;
				DEVELOPMENT_TEAM = 938JD88GS4;
				GENERATE_INFOPLIST_FILE = YES;
				INFOPLIST_FILE = ColorMate/Info.plist;
				INFOPLIST_KEY_UIApplicationSupportsIndirectInputEvents = YES;
				INFOPLIST_KEY_UILaunchStoryboardName = LaunchScreen;
				INFOPLIST_KEY_UISupportedInterfaceOrientations_iPad = "UIInterfaceOrientationPortrait UIInterfaceOrientationPortraitUpsideDown UIInterfaceOrientationLandscapeLeft UIInterfaceOrientationLandscapeRight";
				INFOPLIST_KEY_UISupportedInterfaceOrientations_iPhone = "UIInterfaceOrientationPortrait UIInterfaceOrientationLandscapeLeft UIInterfaceOrientationLandscapeRight";
				LD_RUNPATH_SEARCH_PATHS = (
					"$(inherited)",
					"@executable_path/Frameworks",
				);
				MARKETING_VERSION = 1.0;
				PRODUCT_BUNDLE_IDENTIFIER = com.ayush.ColorMate;
				PRODUCT_NAME = "$(TARGET_NAME)";
				SWIFT_EMIT_LOC_STRINGS = YES;
				SWIFT_VERSION = 5.0;
				TARGETED_DEVICE_FAMILY = "1,2";
			};
			name = Release;
		};
/* End XCBuildConfiguration section */

/* Begin XCConfigurationList section */
		3A05E2BF2A3C712D007B9D64 /* Build configuration list for PBXProject "ColorMate" */ = {
			isa = XCConfigurationList;
			buildConfigurations = (
				3A05E2D62A3C712D007B9D64 /* Debug */,
				3A05E2D72A3C712D007B9D64 /* Release */,
			);
			defaultConfigurationIsVisible = 0;
			defaultConfigurationName = Release;
		};
		3A05E2D82A3C712D007B9D64 /* Build configuration list for PBXNativeTarget "ColorMate" */ = {
			isa = XCConfigurationList;
			buildConfigurations = (
				3A05E2D92A3C712D007B9D64 /* Debug */,
				3A05E2DA2A3C712D007B9D64 /* Release */,
			);
			defaultConfigurationIsVisible = 0;
			defaultConfigurationName = Release;
		};
/* End XCConfigurationList section */
	};
	rootObject = 3A05E2BC2A3C712D007B9D64 /* Project object */;
}
